
Microsoft Visual Studio Solution File, Format Version 12.00
Project("{FAE04EC0-301F-11D3-BF4B-00C04F79EFBC}") = "Scp999", "Scp999.csproj", "{3ABF5504-A3CD-45ED-81C9-F7AFC9678651}"
EndProject
Global
	GlobalSection(SolutionConfigurationPlatforms) = preSolution
		LabApi|x64 = LabApi|x64
	EndGlobalSection
	GlobalSection(ProjectConfigurationPlatforms) = postSolution
		{3ABF5504-A3CD-45ED-81C9-F7AFC9678651}.LabApi|x64.ActiveCfg = LabApi|x64
		{3ABF5504-A3CD-45ED-81C9-F7AFC9678651}.LabApi|x64.Build.0 = LabApi|x64
	EndGlobalSection
EndGlobal
